
Microsoft Visual Studio Solution File, Format Version 12.00
# Visual Studio Version 16
VisualStudioVersion = 16.0.32630.194
MinimumVisualStudioVersion = 10.0.40219.1
Project("{9A19103F-16F7-4668-BE54-9A1E7A4F7556}") = "FinalProject", "FinalProject.csproj", "{C43A0523-9306-40DD-81AF-6507FC7D5A91}"
EndProject
Project("{9A19103F-16F7-4668-BE54-9A1E7A4F7556}") = "VidGameLibDAL2", "..\VidGameLibDAL2\VidGameLibDAL2.csproj", "{4F1585F8-10D8-4AF5-BDAF-89DF229537B7}"
EndProject
Global
	GlobalSection(SolutionConfigurationPlatforms) = preSolution
		Debug|Any CPU = Debug|Any CPU
		Release|Any CPU = Release|Any CPU
	EndGlobalSection
	GlobalSection(ProjectConfigurationPlatforms) = postSolution
		{C43A0523-9306-40DD-81AF-6507FC7D5A91}.Debug|Any CPU.ActiveCfg = Debug|Any CPU
		{C43A0523-9306-40DD-81AF-6507FC7D5A91}.Debug|Any CPU.Build.0 = Debug|Any CPU
		{C43A0523-9306-40DD-81AF-6507FC7D5A91}.Release|Any CPU.ActiveCfg = Release|Any CPU
		{C43A0523-9306-40DD-81AF-6507FC7D5A91}.Release|Any CPU.Build.0 = Release|Any CPU
		{4F1585F8-10D8-4AF5-BDAF-89DF229537B7}.Debug|Any CPU.ActiveCfg = Debug|Any CPU
		{4F1585F8-10D8-4AF5-BDAF-89DF229537B7}.Debug|Any CPU.Build.0 = Debug|Any CPU
		{4F1585F8-10D8-4AF5-BDAF-89DF229537B7}.Release|Any CPU.ActiveCfg = Release|Any CPU
		{4F1585F8-10D8-4AF5-BDAF-89DF229537B7}.Release|Any CPU.Build.0 = Release|Any CPU
	EndGlobalSection
	GlobalSection(SolutionProperties) = preSolution
		HideSolutionNode = FALSE
	EndGlobalSection
	GlobalSection(ExtensibilityGlobals) = postSolution
		SolutionGuid = {CC60400B-A755-4568-A1C6-3CFC61B34FF0}
	EndGlobalSection
EndGlobal
